{
  "name": "pokemon-showdown",
  "version": "0.11.1",
  "lockfileVersion": 1,
  "dependencies": {
    "cloud-env": {
      "version": "0.2.2",
      "resolved": "https://registry.npmjs.org/cloud-env/-/cloud-env-0.2.2.tgz",
      "integrity": "sha1-cN+5m52o7R+/K/0U4vVjwRtWQdQ=",
      "optional": true
    },
    "colors": {
      "version": "1.1.2",
      "resolved": "https://registry.npmjs.org/colors/-/colors-1.1.2.tgz",
      "integrity": "sha1-FopHAXVran9RoSzgyXv6KMCE7WM=",
      "optional": true
    },
    "faye-websocket": {
      "version": "0.10.0",
      "resolved": "https://registry.npmjs.org/faye-websocket/-/faye-websocket-0.10.0.tgz",
      "integrity": "sha1-TkkvjQTftviQA1B/btvy1QHnxvQ=",
      "requires": {
        "websocket-driver": "0.6.5"
      }
    },
    "mime": {
      "version": "1.3.6",
      "resolved": "https://registry.npmjs.org/mime/-/mime-1.3.6.tgz",
      "integrity": "sha1-WR2E02U6awtKO5343lqoEI5y5eA=",
      "optional": true
    },
    "minimist": {
      "version": "0.0.10",
      "resolved": "https://registry.npmjs.org/minimist/-/minimist-0.0.10.tgz",
      "integrity": "sha1-3j+YVD2/lggr5IrRoMfNqDYwHc8=",
      "optional": true
    },
    "node-static": {
      "version": "0.7.9",
      "resolved": "https://registry.npmjs.org/node-static/-/node-static-0.7.9.tgz",
      "integrity": "sha1-m7afziKB96480fuYPp6g7AzZ/ss=",
      "optional": true,
      "requires": {
        "colors": "1.1.2",
        "mime": "1.3.6",
        "optimist": "0.6.1"
      }
    },
    "optimist": {
      "version": "0.6.1",
      "resolved": "https://registry.npmjs.org/optimist/-/optimist-0.6.1.tgz",
      "integrity": "sha1-2j6nRob6IaGaERwybpDrFaAZZoY=",
      "optional": true,
      "requires": {
        "minimist": "0.0.10",
        "wordwrap": "0.0.3"
      }
    },
    "sockjs": {
      "version": "0.3.18",
      "resolved": "https://registry.npmjs.org/sockjs/-/sockjs-0.3.18.tgz",
      "integrity": "sha1-2bKJMWyn33dZXvKZ4HXw+TfrQgc=",
      "requires": {
        "faye-websocket": "0.10.0",
        "uuid": "2.0.3"
      }
    },
    "uuid": {
      "version": "2.0.3",
      "resolved": "https://registry.npmjs.org/uuid/-/uuid-2.0.3.tgz",
      "integrity": "sha1-Z+LoY3lyFVMN/zGOW/nc6/1Hsho="
    },
    "websocket-driver": {
      "version": "0.6.5",
      "resolved": "https://registry.npmjs.org/websocket-driver/-/websocket-driver-0.6.5.tgz",
      "integrity": "sha1-XLJVbOuF9Dc8bYI4qmkchFThOjY=",
      "requires": {
        "websocket-extensions": "0.1.1"
      }
    },
    "websocket-extensions": {
      "version": "0.1.1",
      "resolved": "https://registry.npmjs.org/websocket-extensions/-/websocket-extensions-0.1.1.tgz",
      "integrity": "sha1-domUmcGEtu91Q3fC27DNbLVdKec="
    },
    "wordwrap": {
      "version": "0.0.3",
      "resolved": "https://registry.npmjs.org/wordwrap/-/wordwrap-0.0.3.tgz",
      "integrity": "sha1-o9XabNXAvAAI03I0u68b7WMFkQc=",
      "optional": true
    }
  }
}
