{
  "name": "pokemon-showdown",
  "version": "0.11.2",
  "lockfileVersion": 1,
  "dependencies": {
    "async-limiter": {
      "version": "1.0.0",
      "resolved": "https://registry.npmjs.org/async-limiter/-/async-limiter-1.0.0.tgz",
      "integrity": "sha512-jp/uFnooOiO+L211eZOoSyzpOITMXx1rBITauYykG3BRYPu8h0UcxsPNB04RR5vo4Tyz3+ay17tR6JVf9qzYWg==",
      "optional": true
    },
    "chrome-remote-interface": {
      "version": "0.25.3",
      "resolved": "https://registry.npmjs.org/chrome-remote-interface/-/chrome-remote-interface-0.25.3.tgz",
      "integrity": "sha512-+GJLyocWojJbo9ODkRGKkMA/jMgzVZtCUOpYSeVXYlPTWkcjUqsV4PeTgLWbzRy8TIRj69xYm0Gcy2Oo07AkYA==",
      "optional": true,
      "requires": {
        "commander": "2.11.0",
        "ws": "3.3.1"
      }
    },
    "cloud-env": {
      "version": "0.2.2",
      "resolved": "https://registry.npmjs.org/cloud-env/-/cloud-env-0.2.2.tgz",
      "integrity": "sha1-cN+5m52o7R+/K/0U4vVjwRtWQdQ=",
      "optional": true
    },
    "colors": {
      "version": "1.1.2",
      "resolved": "https://registry.npmjs.org/colors/-/colors-1.1.2.tgz",
      "integrity": "sha1-FopHAXVran9RoSzgyXv6KMCE7WM=",
      "optional": true
    },
    "commander": {
      "version": "2.11.0",
      "resolved": "https://registry.npmjs.org/commander/-/commander-2.11.0.tgz",
      "integrity": "sha1-FXFS/R56bI2YpbcVzzdt+SgARWM="
    },
    "faye-websocket": {
      "version": "0.10.0",
      "resolved": "https://registry.npmjs.org/faye-websocket/-/faye-websocket-0.10.0.tgz",
      "integrity": "sha1-TkkvjQTftviQA1B/btvy1QHnxvQ=",
      "requires": {
        "websocket-driver": "0.6.5"
      }
    },
    "gc-stats": {
      "version": "1.0.2",
      "resolved": "https://registry.npmjs.org/gc-stats/-/gc-stats-1.0.2.tgz",
      "integrity": "sha512-/mXXARj1tc4Q3nOf/K88bOc1wLWvm0tiWy0EZGWxxR7yLDuM5mZmwrKtYnWIEotKI4o2Sycz3mnszFRIIV/v2w==",
      "optional": true,
      "requires": {
        "nan": "2.8.0",
        "node-pre-gyp": "0.6.36"
      },
      "dependencies": {
        "abbrev": {
          "version": "1.1.0",
          "bundled": true,
          "optional": true
        },
        "ajv": {
          "version": "4.11.8",
          "bundled": true,
          "optional": true,
          "requires": {
            "co": "4.6.0",
            "json-stable-stringify": "1.0.1"
          }
        },
        "ansi-regex": {
          "version": "2.1.1",
          "bundled": true
        },
        "aproba": {
          "version": "1.1.2",
          "bundled": true,
          "optional": true
        },
        "are-we-there-yet": {
          "version": "1.1.4",
          "bundled": true,
          "optional": true,
          "requires": {
            "delegates": "1.0.0",
            "readable-stream": "2.3.1"
          }
        },
        "asn1": {
          "version": "0.2.3",
          "bundled": true,
          "optional": true
        },
        "assert-plus": {
          "version": "0.2.0",
          "bundled": true,
          "optional": true
        },
        "asynckit": {
          "version": "0.4.0",
          "bundled": true,
          "optional": true
        },
        "aws-sign2": {
          "version": "0.6.0",
          "bundled": true,
          "optional": true
        },
        "aws4": {
          "version": "1.6.0",
          "bundled": true,
          "optional": true
        },
        "balanced-match": {
          "version": "1.0.0",
          "bundled": true
        },
        "bcrypt-pbkdf": {
          "version": "1.0.1",
          "bundled": true,
          "optional": true,
          "requires": {
            "tweetnacl": "0.14.5"
          }
        },
        "block-stream": {
          "version": "0.0.9",
          "bundled": true,
          "requires": {
            "inherits": "2.0.3"
          }
        },
        "boom": {
          "version": "2.10.1",
          "bundled": true,
          "requires": {
            "hoek": "2.16.3"
          }
        },
        "brace-expansion": {
          "version": "1.1.8",
          "bundled": true,
          "requires": {
            "balanced-match": "1.0.0",
            "concat-map": "0.0.1"
          }
        },
        "caseless": {
          "version": "0.12.0",
          "bundled": true,
          "optional": true
        },
        "co": {
          "version": "4.6.0",
          "bundled": true,
          "optional": true
        },
        "code-point-at": {
          "version": "1.1.0",
          "bundled": true
        },
        "combined-stream": {
          "version": "1.0.5",
          "bundled": true,
          "requires": {
            "delayed-stream": "1.0.0"
          }
        },
        "concat-map": {
          "version": "0.0.1",
          "bundled": true
        },
        "console-control-strings": {
          "version": "1.1.0",
          "bundled": true
        },
        "core-util-is": {
          "version": "1.0.2",
          "bundled": true
        },
        "cryptiles": {
          "version": "2.0.5",
          "bundled": true,
          "optional": true,
          "requires": {
            "boom": "2.10.1"
          }
        },
        "dashdash": {
          "version": "1.14.1",
          "bundled": true,
          "optional": true,
          "requires": {
            "assert-plus": "1.0.0"
          },
          "dependencies": {
            "assert-plus": {
              "version": "1.0.0",
              "bundled": true,
              "optional": true
            }
          }
        },
        "debug": {
          "version": "2.6.8",
          "bundled": true,
          "optional": true,
          "requires": {
            "ms": "2.0.0"
          }
        },
        "deep-extend": {
          "version": "0.4.2",
          "bundled": true,
          "optional": true
        },
        "delayed-stream": {
          "version": "1.0.0",
          "bundled": true
        },
        "delegates": {
          "version": "1.0.0",
          "bundled": true,
          "optional": true
        },
        "ecc-jsbn": {
          "version": "0.1.1",
          "bundled": true,
          "optional": true,
          "requires": {
            "jsbn": "0.1.1"
          }
        },
        "extend": {
          "version": "3.0.1",
          "bundled": true,
          "optional": true
        },
        "extsprintf": {
          "version": "1.0.2",
          "bundled": true
        },
        "forever-agent": {
          "version": "0.6.1",
          "bundled": true,
          "optional": true
        },
        "form-data": {
          "version": "2.1.4",
          "bundled": true,
          "optional": true,
          "requires": {
            "asynckit": "0.4.0",
            "combined-stream": "1.0.5",
            "mime-types": "2.1.15"
          }
        },
        "fs.realpath": {
          "version": "1.0.0",
          "bundled": true
        },
        "fstream": {
          "version": "1.0.11",
          "bundled": true,
          "requires": {
            "graceful-fs": "4.1.11",
            "inherits": "2.0.3",
            "mkdirp": "0.5.1",
            "rimraf": "2.6.1"
          }
        },
        "fstream-ignore": {
          "version": "1.0.5",
          "bundled": true,
          "optional": true,
          "requires": {
            "fstream": "1.0.11",
            "inherits": "2.0.3",
            "minimatch": "3.0.4"
          }
        },
        "gauge": {
          "version": "2.7.4",
          "bundled": true,
          "optional": true,
          "requires": {
            "aproba": "1.1.2",
            "console-control-strings": "1.1.0",
            "has-unicode": "2.0.1",
            "object-assign": "4.1.1",
            "signal-exit": "3.0.2",
            "string-width": "1.0.2",
            "strip-ansi": "3.0.1",
            "wide-align": "1.1.2"
          }
        },
        "getpass": {
          "version": "0.1.7",
          "bundled": true,
          "optional": true,
          "requires": {
            "assert-plus": "1.0.0"
          },
          "dependencies": {
            "assert-plus": {
              "version": "1.0.0",
              "bundled": true,
              "optional": true
            }
          }
        },
        "glob": {
          "version": "7.1.2",
          "bundled": true,
          "requires": {
            "fs.realpath": "1.0.0",
            "inflight": "1.0.6",
            "inherits": "2.0.3",
            "minimatch": "3.0.4",
            "once": "1.4.0",
            "path-is-absolute": "1.0.1"
          }
        },
        "graceful-fs": {
          "version": "4.1.11",
          "bundled": true
        },
        "har-schema": {
          "version": "1.0.5",
          "bundled": true,
          "optional": true
        },
        "har-validator": {
          "version": "4.2.1",
          "bundled": true,
          "optional": true,
          "requires": {
            "ajv": "4.11.8",
            "har-schema": "1.0.5"
          }
        },
        "has-unicode": {
          "version": "2.0.1",
          "bundled": true,
          "optional": true
        },
        "hawk": {
          "version": "3.1.3",
          "bundled": true,
          "optional": true,
          "requires": {
            "boom": "2.10.1",
            "cryptiles": "2.0.5",
            "hoek": "2.16.3",
            "sntp": "1.0.9"
          }
        },
        "hoek": {
          "version": "2.16.3",
          "bundled": true
        },
        "http-signature": {
          "version": "1.1.1",
          "bundled": true,
          "optional": true,
          "requires": {
            "assert-plus": "0.2.0",
            "jsprim": "1.4.0",
            "sshpk": "1.13.1"
          }
        },
        "inflight": {
          "version": "1.0.6",
          "bundled": true,
          "requires": {
            "once": "1.4.0",
            "wrappy": "1.0.2"
          }
        },
        "inherits": {
          "version": "2.0.3",
          "bundled": true
        },
        "ini": {
          "version": "1.3.4",
          "bundled": true,
          "optional": true
        },
        "is-fullwidth-code-point": {
          "version": "1.0.0",
          "bundled": true,
          "requires": {
            "number-is-nan": "1.0.1"
          }
        },
        "is-typedarray": {
          "version": "1.0.0",
          "bundled": true,
          "optional": true
        },
        "isarray": {
          "version": "1.0.0",
          "bundled": true
        },
        "isstream": {
          "version": "0.1.2",
          "bundled": true,
          "optional": true
        },
        "jsbn": {
          "version": "0.1.1",
          "bundled": true,
          "optional": true
        },
        "json-schema": {
          "version": "0.2.3",
          "bundled": true,
          "optional": true
        },
        "json-stable-stringify": {
          "version": "1.0.1",
          "bundled": true,
          "optional": true,
          "requires": {
            "jsonify": "0.0.0"
          }
        },
        "json-stringify-safe": {
          "version": "5.0.1",
          "bundled": true,
          "optional": true
        },
        "jsonify": {
          "version": "0.0.0",
          "bundled": true,
          "optional": true
        },
        "jsprim": {
          "version": "1.4.0",
          "bundled": true,
          "optional": true,
          "requires": {
            "assert-plus": "1.0.0",
            "extsprintf": "1.0.2",
            "json-schema": "0.2.3",
            "verror": "1.3.6"
          },
          "dependencies": {
            "assert-plus": {
              "version": "1.0.0",
              "bundled": true,
              "optional": true
            }
          }
        },
        "mime-db": {
          "version": "1.27.0",
          "bundled": true
        },
        "mime-types": {
          "version": "2.1.15",
          "bundled": true,
          "requires": {
            "mime-db": "1.27.0"
          }
        },
        "minimatch": {
          "version": "3.0.4",
          "bundled": true,
          "requires": {
            "brace-expansion": "1.1.8"
          }
        },
        "minimist": {
          "version": "0.0.8",
          "bundled": true
        },
        "mkdirp": {
          "version": "0.5.1",
          "bundled": true,
          "requires": {
            "minimist": "0.0.8"
          }
        },
        "ms": {
          "version": "2.0.0",
          "bundled": true,
          "optional": true
        },
        "node-pre-gyp": {
          "version": "0.6.36",
          "bundled": true,
          "optional": true,
          "requires": {
            "mkdirp": "0.5.1",
            "nopt": "4.0.1",
            "npmlog": "4.1.0",
            "rc": "1.2.1",
            "request": "2.81.0",
            "rimraf": "2.6.1",
            "semver": "5.3.0",
            "tar": "2.2.1",
            "tar-pack": "3.4.0"
          }
        },
        "nopt": {
          "version": "4.0.1",
          "bundled": true,
          "optional": true,
          "requires": {
            "abbrev": "1.1.0",
            "osenv": "0.1.4"
          }
        },
        "npmlog": {
          "version": "4.1.0",
          "bundled": true,
          "optional": true,
          "requires": {
            "are-we-there-yet": "1.1.4",
            "console-control-strings": "1.1.0",
            "gauge": "2.7.4",
            "set-blocking": "2.0.0"
          }
        },
        "number-is-nan": {
          "version": "1.0.1",
          "bundled": true
        },
        "oauth-sign": {
          "version": "0.8.2",
          "bundled": true,
          "optional": true
        },
        "object-assign": {
          "version": "4.1.1",
          "bundled": true,
          "optional": true
        },
        "once": {
          "version": "1.4.0",
          "bundled": true,
          "requires": {
            "wrappy": "1.0.2"
          }
        },
        "os-homedir": {
          "version": "1.0.2",
          "bundled": true,
          "optional": true
        },
        "os-tmpdir": {
          "version": "1.0.2",
          "bundled": true,
          "optional": true
        },
        "osenv": {
          "version": "0.1.4",
          "bundled": true,
          "optional": true,
          "requires": {
            "os-homedir": "1.0.2",
            "os-tmpdir": "1.0.2"
          }
        },
        "path-is-absolute": {
          "version": "1.0.1",
          "bundled": true
        },
        "performance-now": {
          "version": "0.2.0",
          "bundled": true,
          "optional": true
        },
        "process-nextick-args": {
          "version": "1.0.7",
          "bundled": true
        },
        "punycode": {
          "version": "1.4.1",
          "bundled": true,
          "optional": true
        },
        "qs": {
          "version": "6.4.0",
          "bundled": true,
          "optional": true
        },
        "rc": {
          "version": "1.2.1",
          "bundled": true,
          "optional": true,
          "requires": {
            "deep-extend": "0.4.2",
            "ini": "1.3.4",
            "minimist": "1.2.0",
            "strip-json-comments": "2.0.1"
          },
          "dependencies": {
            "minimist": {
              "version": "1.2.0",
              "bundled": true,
              "optional": true
            }
          }
        },
        "readable-stream": {
          "version": "2.3.1",
          "bundled": true,
          "requires": {
            "core-util-is": "1.0.2",
            "inherits": "2.0.3",
            "isarray": "1.0.0",
            "process-nextick-args": "1.0.7",
            "safe-buffer": "5.1.1",
            "string_decoder": "1.0.2",
            "util-deprecate": "1.0.2"
          }
        },
        "request": {
          "version": "2.81.0",
          "bundled": true,
          "optional": true,
          "requires": {
            "aws-sign2": "0.6.0",
            "aws4": "1.6.0",
            "caseless": "0.12.0",
            "combined-stream": "1.0.5",
            "extend": "3.0.1",
            "forever-agent": "0.6.1",
            "form-data": "2.1.4",
            "har-validator": "4.2.1",
            "hawk": "3.1.3",
            "http-signature": "1.1.1",
            "is-typedarray": "1.0.0",
            "isstream": "0.1.2",
            "json-stringify-safe": "5.0.1",
            "mime-types": "2.1.15",
            "oauth-sign": "0.8.2",
            "performance-now": "0.2.0",
            "qs": "6.4.0",
            "safe-buffer": "5.1.1",
            "stringstream": "0.0.5",
            "tough-cookie": "2.3.2",
            "tunnel-agent": "0.6.0",
            "uuid": "3.1.0"
          }
        },
        "rimraf": {
          "version": "2.6.1",
          "bundled": true,
          "requires": {
            "glob": "7.1.2"
          }
        },
        "safe-buffer": {
          "version": "5.1.1",
          "bundled": true
        },
        "semver": {
          "version": "5.3.0",
          "bundled": true,
          "optional": true
        },
        "set-blocking": {
          "version": "2.0.0",
          "bundled": true,
          "optional": true
        },
        "signal-exit": {
          "version": "3.0.2",
          "bundled": true,
          "optional": true
        },
        "sntp": {
          "version": "1.0.9",
          "bundled": true,
          "optional": true,
          "requires": {
            "hoek": "2.16.3"
          }
        },
        "sshpk": {
          "version": "1.13.1",
          "bundled": true,
          "optional": true,
          "requires": {
            "asn1": "0.2.3",
            "assert-plus": "1.0.0",
            "bcrypt-pbkdf": "1.0.1",
            "dashdash": "1.14.1",
            "ecc-jsbn": "0.1.1",
            "getpass": "0.1.7",
            "jsbn": "0.1.1",
            "tweetnacl": "0.14.5"
          },
          "dependencies": {
            "assert-plus": {
              "version": "1.0.0",
              "bundled": true,
              "optional": true
            }
          }
        },
        "string-width": {
          "version": "1.0.2",
          "bundled": true,
          "requires": {
            "code-point-at": "1.1.0",
            "is-fullwidth-code-point": "1.0.0",
            "strip-ansi": "3.0.1"
          }
        },
        "string_decoder": {
          "version": "1.0.2",
          "bundled": true,
          "requires": {
            "safe-buffer": "5.0.1"
          },
          "dependencies": {
            "safe-buffer": {
              "version": "5.0.1",
              "bundled": true
            }
          }
        },
        "stringstream": {
          "version": "0.0.5",
          "bundled": true,
          "optional": true
        },
        "strip-ansi": {
          "version": "3.0.1",
          "bundled": true,
          "requires": {
            "ansi-regex": "2.1.1"
          }
        },
        "strip-json-comments": {
          "version": "2.0.1",
          "bundled": true,
          "optional": true
        },
        "tar": {
          "version": "2.2.1",
          "bundled": true,
          "requires": {
            "block-stream": "0.0.9",
            "fstream": "1.0.11",
            "inherits": "2.0.3"
          }
        },
        "tar-pack": {
          "version": "3.4.0",
          "bundled": true,
          "optional": true,
          "requires": {
            "debug": "2.6.8",
            "fstream": "1.0.11",
            "fstream-ignore": "1.0.5",
            "once": "1.4.0",
            "readable-stream": "2.3.1",
            "rimraf": "2.6.1",
            "tar": "2.2.1",
            "uid-number": "0.0.6"
          }
        },
        "tough-cookie": {
          "version": "2.3.2",
          "bundled": true,
          "optional": true,
          "requires": {
            "punycode": "1.4.1"
          }
        },
        "tunnel-agent": {
          "version": "0.6.0",
          "bundled": true,
          "optional": true,
          "requires": {
            "safe-buffer": "5.1.1"
          }
        },
        "tweetnacl": {
          "version": "0.14.5",
          "bundled": true,
          "optional": true
        },
        "uid-number": {
          "version": "0.0.6",
          "bundled": true,
          "optional": true
        },
        "util-deprecate": {
          "version": "1.0.2",
          "bundled": true
        },
        "uuid": {
          "version": "3.1.0",
          "bundled": true,
          "optional": true
        },
        "verror": {
          "version": "1.3.6",
          "bundled": true,
          "optional": true,
          "requires": {
            "extsprintf": "1.0.2"
          }
        },
        "wide-align": {
          "version": "1.1.2",
          "bundled": true,
          "optional": true,
          "requires": {
            "string-width": "1.0.2"
          }
        },
        "wrappy": {
          "version": "1.0.2",
          "bundled": true
        }
      }
    },
    "mime": {
      "version": "1.4.1",
      "resolved": "https://registry.npmjs.org/mime/-/mime-1.4.1.tgz",
      "integrity": "sha1-Eh+evEnjdm8xGnbh+hyAA8SwOqY=",
      "optional": true
    },
    "minimist": {
      "version": "0.0.10",
      "resolved": "https://registry.npmjs.org/minimist/-/minimist-0.0.10.tgz",
      "integrity": "sha1-3j+YVD2/lggr5IrRoMfNqDYwHc8=",
      "optional": true
    },
    "nan": {
      "version": "2.8.0",
      "resolved": "https://registry.npmjs.org/nan/-/nan-2.8.0.tgz",
      "integrity": "sha1-7XFfP+neArV6XmJS2QqWZ14fCFo=",
      "optional": true
    },
    "node-oom-heapdump": {
      "version": "1.0.10",
      "resolved": "https://registry.npmjs.org/node-oom-heapdump/-/node-oom-heapdump-1.0.10.tgz",
      "integrity": "sha512-sTrgCiVlUObe3FHBs/Yx8haLUL2NwaOzHNlFX8qI7mRa4O2wyLzVqfVCJMSWOP8JXC74Us41cD0Kntvzlx03Og==",
      "optional": true,
      "requires": {
        "chrome-remote-interface": "0.25.3",
        "gc-stats": "1.0.2"
      }
    },
    "node-static": {
      "version": "0.7.10",
      "resolved": "https://registry.npmjs.org/node-static/-/node-static-0.7.10.tgz",
      "integrity": "sha1-od23ICfH9nF5+zNIeAe1fovH0uc=",
      "optional": true,
      "requires": {
        "colors": "1.1.2",
        "mime": "1.4.1",
        "optimist": "0.6.1"
      }
    },
    "nodemailer": {
      "version": "4.4.0",
      "resolved": "https://registry.npmjs.org/nodemailer/-/nodemailer-4.4.0.tgz",
      "integrity": "sha512-d6E/wK/0Ijoh5v9si5nnkDTIPfz/1sCvwpIdqwoLscJtlNEp0ggysQxffu7tS/Bpv1bMNxl6cjgD3sL4UcYRrQ==",
      "optional": true
    },
    "optimist": {
      "version": "0.6.1",
      "resolved": "https://registry.npmjs.org/optimist/-/optimist-0.6.1.tgz",
      "integrity": "sha1-2j6nRob6IaGaERwybpDrFaAZZoY=",
      "optional": true,
      "requires": {
        "minimist": "0.0.10",
        "wordwrap": "0.0.3"
      }
    },
    "permessage-deflate": {
      "version": "0.1.6",
      "resolved": "https://registry.npmjs.org/permessage-deflate/-/permessage-deflate-0.1.6.tgz",
      "integrity": "sha1-WB8c7fvUQPrEfQd3vohjM4a5kt4="
    },
    "safe-buffer": {
      "version": "5.1.1",
      "resolved": "https://registry.npmjs.org/safe-buffer/-/safe-buffer-5.1.1.tgz",
      "integrity": "sha1-iTMSr2myEj3vcfV4iQAWce6yyFM="
    },
    "sockjs": {
      "version": "0.3.18",
      "resolved": "https://registry.npmjs.org/sockjs/-/sockjs-0.3.18.tgz",
      "integrity": "sha1-2bKJMWyn33dZXvKZ4HXw+TfrQgc=",
      "requires": {
        "faye-websocket": "0.10.0",
        "uuid": "2.0.3"
      }
    },
    "ultron": {
      "version": "1.1.0",
      "resolved": "https://registry.npmjs.org/ultron/-/ultron-1.1.0.tgz",
      "integrity": "sha1-sHoualQagV/Go0zNRTO67DB8qGQ=",
      "optional": true
    },
    "uuid": {
      "version": "2.0.3",
      "resolved": "https://registry.npmjs.org/uuid/-/uuid-2.0.3.tgz",
      "integrity": "sha1-Z+LoY3lyFVMN/zGOW/nc6/1Hsho="
    },
    "websocket-driver": {
      "version": "0.6.5",
      "resolved": "https://registry.npmjs.org/websocket-driver/-/websocket-driver-0.6.5.tgz",
      "integrity": "sha1-XLJVbOuF9Dc8bYI4qmkchFThOjY=",
      "requires": {
        "websocket-extensions": "0.1.1"
      }
    },
    "websocket-extensions": {
      "version": "0.1.1",
      "resolved": "https://registry.npmjs.org/websocket-extensions/-/websocket-extensions-0.1.1.tgz",
      "integrity": "sha1-domUmcGEtu91Q3fC27DNbLVdKec="
    },
    "wordwrap": {
      "version": "0.0.3",
      "resolved": "https://registry.npmjs.org/wordwrap/-/wordwrap-0.0.3.tgz",
      "integrity": "sha1-o9XabNXAvAAI03I0u68b7WMFkQc=",
      "optional": true
    },
    "ws": {
      "version": "3.3.1",
      "resolved": "https://registry.npmjs.org/ws/-/ws-3.3.1.tgz",
      "integrity": "sha512-8A/uRMnQy8KCQsmep1m7Bk+z/+LIkeF7w+TDMLtX1iZm5Hq9HsUDmgFGaW1ACW5Cj0b2Qo7wCvRhYN2ErUVp/A==",
      "optional": true,
      "requires": {
        "async-limiter": "1.0.0",
        "safe-buffer": "5.1.1",
        "ultron": "1.1.0"
      }
    }
  }
}
